
Microsoft Visual Studio Solution File, Format Version 12.00
# Visual Studio 14
VisualStudioVersion = 14.0.24720.0
MinimumVisualStudioVersion = 10.0.40219.1
Project("{FAE04EC0-301F-11D3-BF4B-00C04F79EFBC}") = "chap4_Ex4", "chap4_Ex4\chap4_Ex4.csproj", "{9BCD96C8-B094-4AE8-A591-CB008DADBBE1}"
EndProject
Global
	GlobalSection(SolutionConfigurationPlatforms) = preSolution
		Debug|Any CPU = Debug|Any CPU
		Release|Any CPU = Release|Any CPU
	EndGlobalSection
	GlobalSection(ProjectConfigurationPlatforms) = postSolution
		{9BCD96C8-B094-4AE8-A591-CB008DADBBE1}.Debug|Any CPU.ActiveCfg = Debug|Any CPU
		{9BCD96C8-B094-4AE8-A591-CB008DADBBE1}.Debug|Any CPU.Build.0 = Debug|Any CPU
		{9BCD96C8-B094-4AE8-A591-CB008DADBBE1}.Release|Any CPU.ActiveCfg = Release|Any CPU
		{9BCD96C8-B094-4AE8-A591-CB008DADBBE1}.Release|Any CPU.Build.0 = Release|Any CPU
	EndGlobalSection
	GlobalSection(SolutionProperties) = preSolution
		HideSolutionNode = FALSE
	EndGlobalSection
EndGlobal
