
Microsoft Visual Studio Solution File, Format Version 12.00
# Visual Studio 14
VisualStudioVersion = 14.0.25420.1
MinimumVisualStudioVersion = 10.0.40219.1
Project("{FAE04EC0-301F-11D3-BF4B-00C04F79EFBC}") = "ClasstableTable", "ClasstableTable\ClasstableTable.csproj", "{D33F1FE8-7C36-46A6-A16F-2145BD9F9309}"
EndProject
Global
	GlobalSection(SolutionConfigurationPlatforms) = preSolution
		Debug|Any CPU = Debug|Any CPU
		Debug|ARM = Debug|ARM
		Debug|x64 = Debug|x64
		Debug|x86 = Debug|x86
		Release|Any CPU = Release|Any CPU
		Release|ARM = Release|ARM
		Release|x64 = Release|x64
		Release|x86 = Release|x86
	EndGlobalSection
	GlobalSection(ProjectConfigurationPlatforms) = postSolution
		{D33F1FE8-7C36-46A6-A16F-2145BD9F9309}.Debug|Any CPU.ActiveCfg = Debug|Any CPU
		{D33F1FE8-7C36-46A6-A16F-2145BD9F9309}.Debug|Any CPU.Build.0 = Debug|Any CPU
		{D33F1FE8-7C36-46A6-A16F-2145BD9F9309}.Debug|Any CPU.Deploy.0 = Debug|Any CPU
		{D33F1FE8-7C36-46A6-A16F-2145BD9F9309}.Debug|ARM.ActiveCfg = Debug|ARM
		{D33F1FE8-7C36-46A6-A16F-2145BD9F9309}.Debug|ARM.Build.0 = Debug|ARM
		{D33F1FE8-7C36-46A6-A16F-2145BD9F9309}.Debug|ARM.Deploy.0 = Debug|ARM
		{D33F1FE8-7C36-46A6-A16F-2145BD9F9309}.Debug|x64.ActiveCfg = Debug|x64
		{D33F1FE8-7C36-46A6-A16F-2145BD9F9309}.Debug|x64.Build.0 = Debug|x64
		{D33F1FE8-7C36-46A6-A16F-2145BD9F9309}.Debug|x64.Deploy.0 = Debug|x64
		{D33F1FE8-7C36-46A6-A16F-2145BD9F9309}.Debug|x86.ActiveCfg = Debug|x86
		{D33F1FE8-7C36-46A6-A16F-2145BD9F9309}.Debug|x86.Build.0 = Debug|x86
		{D33F1FE8-7C36-46A6-A16F-2145BD9F9309}.Debug|x86.Deploy.0 = Debug|x86
		{D33F1FE8-7C36-46A6-A16F-2145BD9F9309}.Release|Any CPU.ActiveCfg = Release|Any CPU
		{D33F1FE8-7C36-46A6-A16F-2145BD9F9309}.Release|Any CPU.Build.0 = Release|Any CPU
		{D33F1FE8-7C36-46A6-A16F-2145BD9F9309}.Release|Any CPU.Deploy.0 = Release|Any CPU
		{D33F1FE8-7C36-46A6-A16F-2145BD9F9309}.Release|ARM.ActiveCfg = Release|ARM
		{D33F1FE8-7C36-46A6-A16F-2145BD9F9309}.Release|ARM.Build.0 = Release|ARM
		{D33F1FE8-7C36-46A6-A16F-2145BD9F9309}.Release|ARM.Deploy.0 = Release|ARM
		{D33F1FE8-7C36-46A6-A16F-2145BD9F9309}.Release|x64.ActiveCfg = Release|x64
		{D33F1FE8-7C36-46A6-A16F-2145BD9F9309}.Release|x64.Build.0 = Release|x64
		{D33F1FE8-7C36-46A6-A16F-2145BD9F9309}.Release|x64.Deploy.0 = Release|x64
		{D33F1FE8-7C36-46A6-A16F-2145BD9F9309}.Release|x86.ActiveCfg = Release|x86
		{D33F1FE8-7C36-46A6-A16F-2145BD9F9309}.Release|x86.Build.0 = Release|x86
		{D33F1FE8-7C36-46A6-A16F-2145BD9F9309}.Release|x86.Deploy.0 = Release|x86
	EndGlobalSection
	GlobalSection(SolutionProperties) = preSolution
		HideSolutionNode = FALSE
	EndGlobalSection
EndGlobal
