
Microsoft Visual Studio Solution File, Format Version 12.00
# Visual Studio 14
VisualStudioVersion = 14.0.24720.0
MinimumVisualStudioVersion = 10.0.40219.1
Project("{FAE04EC0-301F-11D3-BF4B-00C04F79EFBC}") = "Chap6_Ex1", "Chap6_Ex1\Chap6_Ex1.csproj", "{AA150CBD-1134-4598-A204-E6DB92696CD4}"
EndProject
Global
	GlobalSection(SolutionConfigurationPlatforms) = preSolution
		Debug|Any CPU = Debug|Any CPU
		Release|Any CPU = Release|Any CPU
	EndGlobalSection
	GlobalSection(ProjectConfigurationPlatforms) = postSolution
		{AA150CBD-1134-4598-A204-E6DB92696CD4}.Debug|Any CPU.ActiveCfg = Debug|Any CPU
		{AA150CBD-1134-4598-A204-E6DB92696CD4}.Debug|Any CPU.Build.0 = Debug|Any CPU
		{AA150CBD-1134-4598-A204-E6DB92696CD4}.Release|Any CPU.ActiveCfg = Release|Any CPU
		{AA150CBD-1134-4598-A204-E6DB92696CD4}.Release|Any CPU.Build.0 = Release|Any CPU
	EndGlobalSection
	GlobalSection(SolutionProperties) = preSolution
		HideSolutionNode = FALSE
	EndGlobalSection
EndGlobal
