
Microsoft Visual Studio Solution File, Format Version 12.00
# Visual Studio 14
VisualStudioVersion = 14.0.24720.0
MinimumVisualStudioVersion = 10.0.40219.1
Project("{FAE04EC0-301F-11D3-BF4B-00C04F79EFBC}") = "作业2", "作业2\作业2.csproj", "{A6BC5582-FB57-472C-8A29-F42CA44DE447}"
EndProject
Global
	GlobalSection(SolutionConfigurationPlatforms) = preSolution
		Debug|Any CPU = Debug|Any CPU
		Release|Any CPU = Release|Any CPU
	EndGlobalSection
	GlobalSection(ProjectConfigurationPlatforms) = postSolution
		{A6BC5582-FB57-472C-8A29-F42CA44DE447}.Debug|Any CPU.ActiveCfg = Debug|Any CPU
		{A6BC5582-FB57-472C-8A29-F42CA44DE447}.Debug|Any CPU.Build.0 = Debug|Any CPU
		{A6BC5582-FB57-472C-8A29-F42CA44DE447}.Release|Any CPU.ActiveCfg = Release|Any CPU
		{A6BC5582-FB57-472C-8A29-F42CA44DE447}.Release|Any CPU.Build.0 = Release|Any CPU
	EndGlobalSection
	GlobalSection(SolutionProperties) = preSolution
		HideSolutionNode = FALSE
	EndGlobalSection
EndGlobal
